Microsoft Visual Studio Solution File, Format Version 9.00
# Visual Studio 2005
Project("{8BC9CEB8-8B4A-11D0-8D11-00A0C91BC942}") = "jomoo", "jomoo\jomoo.vcproj", "{58B66B4B-2E16-4C0F-AA02-BE63D0B79635}"
EndProject
Project("{8BC9CEB8-8B4A-11D0-8D11-00A0C91BC942}") = "CollectionTest", "CollectionTest\CollectionTest.vcproj", "{4088A862-11EC-438C-B5E6-20607BF523CF}"
EndProject
Project("{8BC9CEB8-8B4A-11D0-8D11-00A0C91BC942}") = "PoolTest", "PoolTest\PoolTest.vcproj", "{573D2130-77CA-4B4C-A509-ED093B654956}"
EndProject
Project("{8BC9CEB8-8B4A-11D0-8D11-00A0C91BC942}") = "PluginCreation", "..\test\PluginCreation\PluginCreation.vcproj", "{ED1F0842-8E36-49BA-912E-3FD7BAD8B15F}"
EndProject
Project("{8BC9CEB8-8B4A-11D0-8D11-00A0C91BC942}") = "PluginFactory", "..\test\PluginFactory\PluginFactory.vcproj", "{21B7B640-3FF5-4085-B62E-3398CCA7E536}"
EndProject
Project("{8BC9CEB8-8B4A-11D0-8D11-00A0C91BC942}") = "PluginFactoryArgs", "..\test\PluginFactoryArgs\PluginFactoryArgs.vcproj", "{E0E3A890-6BDE-493C-837B-8E932B7B4C96}"
EndProject
Project("{8BC9CEB8-8B4A-11D0-8D11-00A0C91BC942}") = "PluginInit", "..\test\PluginInit\PluginInit.vcproj", "{FCCE4727-B1DB-400D-B76E-88208250E9F0}"
EndProject
Project("{8BC9CEB8-8B4A-11D0-8D11-00A0C91BC942}") = "PluginSample", "..\test\PluginSample\PluginSample.vcproj", "{63C24E11-B72E-4554-BACD-37ABBE8C3666}"
EndProject
Project("{8BC9CEB8-8B4A-11D0-8D11-00A0C91BC942}") = "PluginTools", "PluginTools\PluginTools.vcproj", "{C15AC312-87DF-4CBC-954F-C47BBE89F501}"
EndProject
Project("{2150E333-8FDC-42A3-9474-1A3956D46DE8}") = "Config", "Config", "{A6E740C7-16EA-49AD-B8D7-B8BDE4145996}"
EndProject
Project("{2150E333-8FDC-42A3-9474-1A3956D46DE8}") = "Test", "Test", "{2DA0FD56-0D48-4491-A183-FBF6666C90FB}"
EndProject
Project("{8BC9CEB8-8B4A-11D0-8D11-00A0C91BC942}") = "JoMoo_TestUnit", "JoMoo_TestUnit\JoMoo_TestUnit.vcproj", "{15AAC0D0-0508-4A77-B4A3-A33DB468BC44}"
EndProject
Project("{8BC9CEB8-8B4A-11D0-8D11-00A0C91BC942}") = "echoServer", "echoServer\echoServer.vcproj", "{4AC9C574-867D-4E21-8E09-792139B2E878}"
EndProject
Project("{8BC9CEB8-8B4A-11D0-8D11-00A0C91BC942}") = "thread_test", "thread_test\thread_test.vcproj", "{B58A1C1D-0476-4436-A723-D1DAB86DAB9A}"
EndProject
Global
	GlobalSection(SolutionConfigurationPlatforms) = preSolution
		Debug|Win32 = Debug|Win32
		Release|Win32 = Release|Win32
	EndGlobalSection
	GlobalSection(ProjectConfigurationPlatforms) = postSolution
		{58B66B4B-2E16-4C0F-AA02-BE63D0B79635}.Debug|Win32.ActiveCfg = Debug|Win32
		{58B66B4B-2E16-4C0F-AA02-BE63D0B79635}.Debug|Win32.Build.0 = Debug|Win32
		{58B66B4B-2E16-4C0F-AA02-BE63D0B79635}.Release|Win32.ActiveCfg = Release|Win32
		{58B66B4B-2E16-4C0F-AA02-BE63D0B79635}.Release|Win32.Build.0 = Release|Win32
		{4088A862-11EC-438C-B5E6-20607BF523CF}.Debug|Win32.ActiveCfg = Debug|Win32
		{4088A862-11EC-438C-B5E6-20607BF523CF}.Debug|Win32.Build.0 = Debug|Win32
		{4088A862-11EC-438C-B5E6-20607BF523CF}.Release|Win32.ActiveCfg = Release|Win32
		{4088A862-11EC-438C-B5E6-20607BF523CF}.Release|Win32.Build.0 = Release|Win32
		{573D2130-77CA-4B4C-A509-ED093B654956}.Debug|Win32.ActiveCfg = Debug|Win32
		{573D2130-77CA-4B4C-A509-ED093B654956}.Debug|Win32.Build.0 = Debug|Win32
		{573D2130-77CA-4B4C-A509-ED093B654956}.Release|Win32.ActiveCfg = Release|Win32
		{573D2130-77CA-4B4C-A509-ED093B654956}.Release|Win32.Build.0 = Release|Win32
		{ED1F0842-8E36-49BA-912E-3FD7BAD8B15F}.Debug|Win32.ActiveCfg = Debug|Win32
		{ED1F0842-8E36-49BA-912E-3FD7BAD8B15F}.Debug|Win32.Build.0 = Debug|Win32
		{ED1F0842-8E36-49BA-912E-3FD7BAD8B15F}.Release|Win32.ActiveCfg = Release|Win32
		{ED1F0842-8E36-49BA-912E-3FD7BAD8B15F}.Release|Win32.Build.0 = Release|Win32
		{21B7B640-3FF5-4085-B62E-3398CCA7E536}.Debug|Win32.ActiveCfg = Debug|Win32
		{21B7B640-3FF5-4085-B62E-3398CCA7E536}.Debug|Win32.Build.0 = Debug|Win32
		{21B7B640-3FF5-4085-B62E-3398CCA7E536}.Release|Win32.ActiveCfg = Release|Win32
		{21B7B640-3FF5-4085-B62E-3398CCA7E536}.Release|Win32.Build.0 = Release|Win32
		{E0E3A890-6BDE-493C-837B-8E932B7B4C96}.Debug|Win32.ActiveCfg = Debug|Win32
		{E0E3A890-6BDE-493C-837B-8E932B7B4C96}.Debug|Win32.Build.0 = Debug|Win32
		{E0E3A890-6BDE-493C-837B-8E932B7B4C96}.Release|Win32.ActiveCfg = Release|Win32
		{FCCE4727-B1DB-400D-B76E-88208250E9F0}.Debug|Win32.ActiveCfg = Debug|Win32
		{FCCE4727-B1DB-400D-B76E-88208250E9F0}.Debug|Win32.Build.0 = Debug|Win32
		{FCCE4727-B1DB-400D-B76E-88208250E9F0}.Release|Win32.ActiveCfg = Release|Win32
		{63C24E11-B72E-4554-BACD-37ABBE8C3666}.Debug|Win32.ActiveCfg = Debug|Win32
		{63C24E11-B72E-4554-BACD-37ABBE8C3666}.Debug|Win32.Build.0 = Debug|Win32
		{63C24E11-B72E-4554-BACD-37ABBE8C3666}.Release|Win32.ActiveCfg = Release|Win32
		{C15AC312-87DF-4CBC-954F-C47BBE89F501}.Debug|Win32.ActiveCfg = Debug|Win32
		{C15AC312-87DF-4CBC-954F-C47BBE89F501}.Debug|Win32.Build.0 = Debug|Win32
		{C15AC312-87DF-4CBC-954F-C47BBE89F501}.Release|Win32.ActiveCfg = Release|Win32
		{C15AC312-87DF-4CBC-954F-C47BBE89F501}.Release|Win32.Build.0 = Release|Win32
		{15AAC0D0-0508-4A77-B4A3-A33DB468BC44}.Debug|Win32.ActiveCfg = Debug|Win32
		{15AAC0D0-0508-4A77-B4A3-A33DB468BC44}.Debug|Win32.Build.0 = Debug|Win32
		{15AAC0D0-0508-4A77-B4A3-A33DB468BC44}.Release|Win32.ActiveCfg = Release|Win32
		{15AAC0D0-0508-4A77-B4A3-A33DB468BC44}.Release|Win32.Build.0 = Release|Win32
		{4AC9C574-867D-4E21-8E09-792139B2E878}.Debug|Win32.ActiveCfg = Debug|Win32
		{4AC9C574-867D-4E21-8E09-792139B2E878}.Debug|Win32.Build.0 = Debug|Win32
		{4AC9C574-867D-4E21-8E09-792139B2E878}.Release|Win32.ActiveCfg = Release|Win32
		{4AC9C574-867D-4E21-8E09-792139B2E878}.Release|Win32.Build.0 = Release|Win32
		{B58A1C1D-0476-4436-A723-D1DAB86DAB9A}.Debug|Win32.ActiveCfg = Debug|Win32
		{B58A1C1D-0476-4436-A723-D1DAB86DAB9A}.Debug|Win32.Build.0 = Debug|Win32
		{B58A1C1D-0476-4436-A723-D1DAB86DAB9A}.Release|Win32.ActiveCfg = Release|Win32
		{B58A1C1D-0476-4436-A723-D1DAB86DAB9A}.Release|Win32.Build.0 = Release|Win32
	EndGlobalSection
	GlobalSection(SolutionProperties) = preSolution
		HideSolutionNode = FALSE
	EndGlobalSection
	GlobalSection(NestedProjects) = preSolution
		{573D2130-77CA-4B4C-A509-ED093B654956} = {2DA0FD56-0D48-4491-A183-FBF6666C90FB}
		{ED1F0842-8E36-49BA-912E-3FD7BAD8B15F} = {2DA0FD56-0D48-4491-A183-FBF6666C90FB}
		{21B7B640-3FF5-4085-B62E-3398CCA7E536} = {2DA0FD56-0D48-4491-A183-FBF6666C90FB}
		{E0E3A890-6BDE-493C-837B-8E932B7B4C96} = {2DA0FD56-0D48-4491-A183-FBF6666C90FB}
		{FCCE4727-B1DB-400D-B76E-88208250E9F0} = {2DA0FD56-0D48-4491-A183-FBF6666C90FB}
		{63C24E11-B72E-4554-BACD-37ABBE8C3666} = {2DA0FD56-0D48-4491-A183-FBF6666C90FB}
		{C15AC312-87DF-4CBC-954F-C47BBE89F501} = {2DA0FD56-0D48-4491-A183-FBF6666C90FB}
		{4088A862-11EC-438C-B5E6-20607BF523CF} = {2DA0FD56-0D48-4491-A183-FBF6666C90FB}
		{4AC9C574-867D-4E21-8E09-792139B2E878} = {2DA0FD56-0D48-4491-A183-FBF6666C90FB}
		{B58A1C1D-0476-4436-A723-D1DAB86DAB9A} = {2DA0FD56-0D48-4491-A183-FBF6666C90FB}
	EndGlobalSection
	GlobalSection(DPCodeReviewSolutionGUID) = preSolution
		DPCodeReviewSolutionGUID = {00000000-0000-0000-0000-000000000000}
	EndGlobalSection
EndGlobal
